<?xml version="1.0" encoding="utf-8"?>
<Project ToolsVersion="4.0" xmlns="http://schemas.microsoft.com/developer/msbuild/2003">
  <ItemGroup>
    <CudaCompile Include="aircraftmodel.cu">
      <Filter>aircraftmodel</Filter>
    </CudaCompile>
    <CudaCompile Include="raw_kernel.cu" />
    <CudaCompile Include="ang_acc_pitch.cu">
      <Filter>angacc</Filter>
    </CudaCompile>
    <CudaCompile Include="ang_vel_pitch.cu">
      <Filter>angvel</Filter>
    </CudaCompile>
    <CudaCompile Include="matrix.cu">
      <Filter>common</Filter>
    </CudaCompile>
  </ItemGroup>
  <ItemGroup>
    <Filter Include="aircraftmodel">
      <UniqueIdentifier>{ee9dbe1c-953d-454d-a15b-69bd2ccb680d}</UniqueIdentifier>
    </Filter>
    <Filter Include="common">
      <UniqueIdentifier>{5c7c1fdf-97dc-4f89-8a93-982c6baf88a1}</UniqueIdentifier>
    </Filter>
    <Filter Include="angacc">
      <UniqueIdentifier>{8eb208b0-8327-4a07-952e-73e8b6e1c139}</UniqueIdentifier>
    </Filter>
    <Filter Include="angvel">
      <UniqueIdentifier>{f918fd32-ae4b-44f3-8531-40c8965f083e}</UniqueIdentifier>
    </Filter>
  </ItemGroup>
  <ItemGroup>
    <ClInclude Include="aircraftmodel.cuh">
      <Filter>aircraftmodel</Filter>
    </ClInclude>
    <ClInclude Include="AAGpu.h" />
    <ClInclude Include="vector_utils.cuh">
      <Filter>common</Filter>
    </ClInclude>
    <ClInclude Include="cuda_wrappers.hpp">
      <Filter>common</Filter>
    </ClInclude>
    <ClInclude Include="matrix.cuh">
      <Filter>common</Filter>
    </ClInclude>
    <ClInclude Include="ang_acc_pitch.cuh">
      <Filter>angacc</Filter>
    </ClInclude>
    <ClInclude Include="ang_vel_pitch.cuh">
      <Filter>angvel</Filter>
    </ClInclude>
  </ItemGroup>
</Project>