
Microsoft Visual Studio Solution File, Format Version 12.00
# Visual Studio 14
VisualStudioVersion = 14.0.25420.1
MinimumVisualStudioVersion = 10.0.40219.1
Project("{FAE04EC0-301F-11D3-BF4B-00C04F79EFBC}") = "AtmosphereAutopilot", "AtmosphereAutopilot.csproj", "{D8C77EB2-8B40-4ECB-9DA2-29682020C89B}"
EndProject
Project("{FAE04EC0-301F-11D3-BF4B-00C04F79EFBC}") = "TestingConsole", "..\TestingConsole\TestingConsole.csproj", "{FE12F262-92A5-4D94-B34C-E536FEBE651D}"
EndProject
Project("{FAE04EC0-301F-11D3-BF4B-00C04F79EFBC}") = "AtmosphereAutopilot.GUI", "AtmosphereAutopilot.GUI.csproj", "{3DBF4445-889C-4342-BDD6-35BEED699A14}"
EndProject
Project("{8BC9CEB8-8B4A-11D0-8D11-00A0C91BC942}") = "AAGpu", "..\AAGpu\AAGpu.vcxproj", "{2FAD385F-1672-4EEF-8D43-50C31AC5D0D6}"
EndProject
Project("{FAE04EC0-301F-11D3-BF4B-00C04F79EFBC}") = "AAGpuClient", "..\AAGpuClient\AAGpuClient.csproj", "{4A748F05-6D70-44C8-BC7D-E853CA9242A2}"
	ProjectSection(ProjectDependencies) = postProject
		{3DFB92BB-C1B6-4465-A2F3-895EC952CF18} = {3DFB92BB-C1B6-4465-A2F3-895EC952CF18}
	EndProjectSection
EndProject
Project("{8BC9CEB8-8B4A-11D0-8D11-00A0C91BC942}") = "AAGpuWrapper", "..\AAGpuWrapper\AAGpuWrapper.vcxproj", "{3DFB92BB-C1B6-4465-A2F3-895EC952CF18}"
EndProject
Global
	GlobalSection(SolutionConfigurationPlatforms) = preSolution
		Debug|x64 = Debug|x64
		Release|x64 = Release|x64
	EndGlobalSection
	GlobalSection(ProjectConfigurationPlatforms) = postSolution
		{D8C77EB2-8B40-4ECB-9DA2-29682020C89B}.Debug|x64.ActiveCfg = Debug|Any CPU
		{D8C77EB2-8B40-4ECB-9DA2-29682020C89B}.Release|x64.ActiveCfg = Release|Any CPU
		{FE12F262-92A5-4D94-B34C-E536FEBE651D}.Debug|x64.ActiveCfg = Debug|Any CPU
		{FE12F262-92A5-4D94-B34C-E536FEBE651D}.Release|x64.ActiveCfg = Release|Any CPU
		{3DBF4445-889C-4342-BDD6-35BEED699A14}.Debug|x64.ActiveCfg = Debug|Any CPU
		{3DBF4445-889C-4342-BDD6-35BEED699A14}.Release|x64.ActiveCfg = Release|Any CPU
		{2FAD385F-1672-4EEF-8D43-50C31AC5D0D6}.Debug|x64.ActiveCfg = Debug|x64
		{2FAD385F-1672-4EEF-8D43-50C31AC5D0D6}.Debug|x64.Build.0 = Debug|x64
		{2FAD385F-1672-4EEF-8D43-50C31AC5D0D6}.Release|x64.ActiveCfg = Release|x64
		{2FAD385F-1672-4EEF-8D43-50C31AC5D0D6}.Release|x64.Build.0 = Release|x64
		{4A748F05-6D70-44C8-BC7D-E853CA9242A2}.Debug|x64.ActiveCfg = Debug|x64
		{4A748F05-6D70-44C8-BC7D-E853CA9242A2}.Debug|x64.Build.0 = Debug|x64
		{4A748F05-6D70-44C8-BC7D-E853CA9242A2}.Release|x64.ActiveCfg = Release|x64
		{4A748F05-6D70-44C8-BC7D-E853CA9242A2}.Release|x64.Build.0 = Release|x64
		{3DFB92BB-C1B6-4465-A2F3-895EC952CF18}.Debug|x64.ActiveCfg = Debug|x64
		{3DFB92BB-C1B6-4465-A2F3-895EC952CF18}.Debug|x64.Build.0 = Debug|x64
		{3DFB92BB-C1B6-4465-A2F3-895EC952CF18}.Release|x64.ActiveCfg = Release|x64
		{3DFB92BB-C1B6-4465-A2F3-895EC952CF18}.Release|x64.Build.0 = Release|x64
	EndGlobalSection
	GlobalSection(SolutionProperties) = preSolution
		HideSolutionNode = FALSE
	EndGlobalSection
	GlobalSection(MonoDevelopProperties) = preSolution
		Policies = $0
		$0.TextStylePolicy = $1
		$1.FileWidth = 120
		$1.inheritsSet = VisualStudio
		$1.inheritsScope = text/plain
		$1.scope = text/plain
	EndGlobalSection
EndGlobal
